
Microsoft Visual Studio Solution File, Format Version 12.00
# Visual Studio Version 16
VisualStudioVersion = 16.0.29519.87
MinimumVisualStudioVersion = 10.0.40219.1
Project("{8BC9CEB8-8B4A-11D0-8D11-00A0C91BC942}") = "Exo_Boutique", "Exo_Boutique\Exo_Boutique.vcxproj", "{BDB5C5BC-577E-4F0E-96E2-7D6C9EACCA01}"
EndProject
Global
	GlobalSection(SolutionConfigurationPlatforms) = preSolution
		Debug|x64 = Debug|x64
		Debug|x86 = Debug|x86
		Release|x64 = Release|x64
		Release|x86 = Release|x86
	EndGlobalSection
	GlobalSection(ProjectConfigurationPlatforms) = postSolution
		{BDB5C5BC-577E-4F0E-96E2-7D6C9EACCA01}.Debug|x64.ActiveCfg = Debug|x64
		{BDB5C5BC-577E-4F0E-96E2-7D6C9EACCA01}.Debug|x64.Build.0 = Debug|x64
		{BDB5C5BC-577E-4F0E-96E2-7D6C9EACCA01}.Debug|x86.ActiveCfg = Debug|Win32
		{BDB5C5BC-577E-4F0E-96E2-7D6C9EACCA01}.Debug|x86.Build.0 = Debug|Win32
		{BDB5C5BC-577E-4F0E-96E2-7D6C9EACCA01}.Release|x64.ActiveCfg = Release|x64
		{BDB5C5BC-577E-4F0E-96E2-7D6C9EACCA01}.Release|x64.Build.0 = Release|x64
		{BDB5C5BC-577E-4F0E-96E2-7D6C9EACCA01}.Release|x86.ActiveCfg = Release|Win32
		{BDB5C5BC-577E-4F0E-96E2-7D6C9EACCA01}.Release|x86.Build.0 = Release|Win32
	EndGlobalSection
	GlobalSection(SolutionProperties) = preSolution
		HideSolutionNode = FALSE
	EndGlobalSection
	GlobalSection(ExtensibilityGlobals) = postSolution
		SolutionGuid = {164D3A45-FDD7-4F92-8E98-87B10090A662}
	EndGlobalSection
EndGlobal
