
Microsoft Visual Studio Solution File, Format Version 12.00
# Visual Studio Version 16
VisualStudioVersion = 16.0.29519.87
MinimumVisualStudioVersion = 10.0.40219.1
Project("{8BC9CEB8-8B4A-11D0-8D11-00A0C91BC942}") = "Alloc_dyn", "Alloc_dyn\Alloc_dyn.vcxproj", "{93A5CDA8-BB06-4BC2-A745-CD2E519AB0E0}"
EndProject
Project("{8BC9CEB8-8B4A-11D0-8D11-00A0C91BC942}") = "tab_dyn", "tab_dyn\tab_dyn.vcxproj", "{CB0EF2E8-EE98-4929-A357-C605B06BA3B9}"
EndProject
Project("{8BC9CEB8-8B4A-11D0-8D11-00A0C91BC942}") = "realloc", "realloc\realloc.vcxproj", "{11F346E6-42D6-43C9-A97C-E6DC020BE201}"
EndProject
Global
	GlobalSection(SolutionConfigurationPlatforms) = preSolution
		Debug|x64 = Debug|x64
		Debug|x86 = Debug|x86
		Release|x64 = Release|x64
		Release|x86 = Release|x86
	EndGlobalSection
	GlobalSection(ProjectConfigurationPlatforms) = postSolution
		{93A5CDA8-BB06-4BC2-A745-CD2E519AB0E0}.Debug|x64.ActiveCfg = Debug|x64
		{93A5CDA8-BB06-4BC2-A745-CD2E519AB0E0}.Debug|x64.Build.0 = Debug|x64
		{93A5CDA8-BB06-4BC2-A745-CD2E519AB0E0}.Debug|x86.ActiveCfg = Debug|Win32
		{93A5CDA8-BB06-4BC2-A745-CD2E519AB0E0}.Debug|x86.Build.0 = Debug|Win32
		{93A5CDA8-BB06-4BC2-A745-CD2E519AB0E0}.Release|x64.ActiveCfg = Release|x64
		{93A5CDA8-BB06-4BC2-A745-CD2E519AB0E0}.Release|x64.Build.0 = Release|x64
		{93A5CDA8-BB06-4BC2-A745-CD2E519AB0E0}.Release|x86.ActiveCfg = Release|Win32
		{93A5CDA8-BB06-4BC2-A745-CD2E519AB0E0}.Release|x86.Build.0 = Release|Win32
		{CB0EF2E8-EE98-4929-A357-C605B06BA3B9}.Debug|x64.ActiveCfg = Debug|x64
		{CB0EF2E8-EE98-4929-A357-C605B06BA3B9}.Debug|x64.Build.0 = Debug|x64
		{CB0EF2E8-EE98-4929-A357-C605B06BA3B9}.Debug|x86.ActiveCfg = Debug|Win32
		{CB0EF2E8-EE98-4929-A357-C605B06BA3B9}.Debug|x86.Build.0 = Debug|Win32
		{CB0EF2E8-EE98-4929-A357-C605B06BA3B9}.Release|x64.ActiveCfg = Release|x64
		{CB0EF2E8-EE98-4929-A357-C605B06BA3B9}.Release|x64.Build.0 = Release|x64
		{CB0EF2E8-EE98-4929-A357-C605B06BA3B9}.Release|x86.ActiveCfg = Release|Win32
		{CB0EF2E8-EE98-4929-A357-C605B06BA3B9}.Release|x86.Build.0 = Release|Win32
		{11F346E6-42D6-43C9-A97C-E6DC020BE201}.Debug|x64.ActiveCfg = Debug|x64
		{11F346E6-42D6-43C9-A97C-E6DC020BE201}.Debug|x64.Build.0 = Debug|x64
		{11F346E6-42D6-43C9-A97C-E6DC020BE201}.Debug|x86.ActiveCfg = Debug|Win32
		{11F346E6-42D6-43C9-A97C-E6DC020BE201}.Debug|x86.Build.0 = Debug|Win32
		{11F346E6-42D6-43C9-A97C-E6DC020BE201}.Release|x64.ActiveCfg = Release|x64
		{11F346E6-42D6-43C9-A97C-E6DC020BE201}.Release|x64.Build.0 = Release|x64
		{11F346E6-42D6-43C9-A97C-E6DC020BE201}.Release|x86.ActiveCfg = Release|Win32
		{11F346E6-42D6-43C9-A97C-E6DC020BE201}.Release|x86.Build.0 = Release|Win32
	EndGlobalSection
	GlobalSection(SolutionProperties) = preSolution
		HideSolutionNode = FALSE
	EndGlobalSection
	GlobalSection(ExtensibilityGlobals) = postSolution
		SolutionGuid = {B2A8E8AC-4981-4947-AFCD-E25FECD7F522}
	EndGlobalSection
EndGlobal
