
Microsoft Visual Studio Solution File, Format Version 12.00
# Visual Studio Version 16
VisualStudioVersion = 16.0.29519.87
MinimumVisualStudioVersion = 10.0.40219.1
Project("{8BC9CEB8-8B4A-11D0-8D11-00A0C91BC942}") = "Alloc_dyn", "Alloc_dyn\Alloc_dyn.vcxproj", "{FDC769CA-48D7-44FD-9EF4-6915A7F8C50A}"
EndProject
Project("{8BC9CEB8-8B4A-11D0-8D11-00A0C91BC942}") = "Tab_dyn", "Tab_dyn\Tab_dyn.vcxproj", "{B1CBF734-F1D4-404D-B2A7-9E8B8EF71B84}"
EndProject
Project("{8BC9CEB8-8B4A-11D0-8D11-00A0C91BC942}") = "Reallocation", "Reallocation\Reallocation.vcxproj", "{CFF1224F-7A61-415E-A43C-9DE05BC31ACB}"
EndProject
Project("{8BC9CEB8-8B4A-11D0-8D11-00A0C91BC942}") = "Tab2d_dyn", "Tab2d_dyn\Tab2d_dyn.vcxproj", "{BE85F0CE-4A89-43EC-95DE-4D0AF1F07A35}"
EndProject
Project("{8BC9CEB8-8B4A-11D0-8D11-00A0C91BC942}") = "Saisir_noms", "Saisir_noms\Saisir_noms.vcxproj", "{80F136C6-F090-43D0-98D8-EF177CE8F10E}"
EndProject
Global
	GlobalSection(SolutionConfigurationPlatforms) = preSolution
		Debug|x64 = Debug|x64
		Debug|x86 = Debug|x86
		Release|x64 = Release|x64
		Release|x86 = Release|x86
	EndGlobalSection
	GlobalSection(ProjectConfigurationPlatforms) = postSolution
		{FDC769CA-48D7-44FD-9EF4-6915A7F8C50A}.Debug|x64.ActiveCfg = Debug|x64
		{FDC769CA-48D7-44FD-9EF4-6915A7F8C50A}.Debug|x64.Build.0 = Debug|x64
		{FDC769CA-48D7-44FD-9EF4-6915A7F8C50A}.Debug|x86.ActiveCfg = Debug|Win32
		{FDC769CA-48D7-44FD-9EF4-6915A7F8C50A}.Debug|x86.Build.0 = Debug|Win32
		{FDC769CA-48D7-44FD-9EF4-6915A7F8C50A}.Release|x64.ActiveCfg = Release|x64
		{FDC769CA-48D7-44FD-9EF4-6915A7F8C50A}.Release|x64.Build.0 = Release|x64
		{FDC769CA-48D7-44FD-9EF4-6915A7F8C50A}.Release|x86.ActiveCfg = Release|Win32
		{FDC769CA-48D7-44FD-9EF4-6915A7F8C50A}.Release|x86.Build.0 = Release|Win32
		{B1CBF734-F1D4-404D-B2A7-9E8B8EF71B84}.Debug|x64.ActiveCfg = Debug|x64
		{B1CBF734-F1D4-404D-B2A7-9E8B8EF71B84}.Debug|x64.Build.0 = Debug|x64
		{B1CBF734-F1D4-404D-B2A7-9E8B8EF71B84}.Debug|x86.ActiveCfg = Debug|Win32
		{B1CBF734-F1D4-404D-B2A7-9E8B8EF71B84}.Debug|x86.Build.0 = Debug|Win32
		{B1CBF734-F1D4-404D-B2A7-9E8B8EF71B84}.Release|x64.ActiveCfg = Release|x64
		{B1CBF734-F1D4-404D-B2A7-9E8B8EF71B84}.Release|x64.Build.0 = Release|x64
		{B1CBF734-F1D4-404D-B2A7-9E8B8EF71B84}.Release|x86.ActiveCfg = Release|Win32
		{B1CBF734-F1D4-404D-B2A7-9E8B8EF71B84}.Release|x86.Build.0 = Release|Win32
		{CFF1224F-7A61-415E-A43C-9DE05BC31ACB}.Debug|x64.ActiveCfg = Debug|x64
		{CFF1224F-7A61-415E-A43C-9DE05BC31ACB}.Debug|x64.Build.0 = Debug|x64
		{CFF1224F-7A61-415E-A43C-9DE05BC31ACB}.Debug|x86.ActiveCfg = Debug|Win32
		{CFF1224F-7A61-415E-A43C-9DE05BC31ACB}.Debug|x86.Build.0 = Debug|Win32
		{CFF1224F-7A61-415E-A43C-9DE05BC31ACB}.Release|x64.ActiveCfg = Release|x64
		{CFF1224F-7A61-415E-A43C-9DE05BC31ACB}.Release|x64.Build.0 = Release|x64
		{CFF1224F-7A61-415E-A43C-9DE05BC31ACB}.Release|x86.ActiveCfg = Release|Win32
		{CFF1224F-7A61-415E-A43C-9DE05BC31ACB}.Release|x86.Build.0 = Release|Win32
		{BE85F0CE-4A89-43EC-95DE-4D0AF1F07A35}.Debug|x64.ActiveCfg = Debug|x64
		{BE85F0CE-4A89-43EC-95DE-4D0AF1F07A35}.Debug|x64.Build.0 = Debug|x64
		{BE85F0CE-4A89-43EC-95DE-4D0AF1F07A35}.Debug|x86.ActiveCfg = Debug|Win32
		{BE85F0CE-4A89-43EC-95DE-4D0AF1F07A35}.Debug|x86.Build.0 = Debug|Win32
		{BE85F0CE-4A89-43EC-95DE-4D0AF1F07A35}.Release|x64.ActiveCfg = Release|x64
		{BE85F0CE-4A89-43EC-95DE-4D0AF1F07A35}.Release|x64.Build.0 = Release|x64
		{BE85F0CE-4A89-43EC-95DE-4D0AF1F07A35}.Release|x86.ActiveCfg = Release|Win32
		{BE85F0CE-4A89-43EC-95DE-4D0AF1F07A35}.Release|x86.Build.0 = Release|Win32
		{80F136C6-F090-43D0-98D8-EF177CE8F10E}.Debug|x64.ActiveCfg = Debug|x64
		{80F136C6-F090-43D0-98D8-EF177CE8F10E}.Debug|x64.Build.0 = Debug|x64
		{80F136C6-F090-43D0-98D8-EF177CE8F10E}.Debug|x86.ActiveCfg = Debug|Win32
		{80F136C6-F090-43D0-98D8-EF177CE8F10E}.Debug|x86.Build.0 = Debug|Win32
		{80F136C6-F090-43D0-98D8-EF177CE8F10E}.Release|x64.ActiveCfg = Release|x64
		{80F136C6-F090-43D0-98D8-EF177CE8F10E}.Release|x64.Build.0 = Release|x64
		{80F136C6-F090-43D0-98D8-EF177CE8F10E}.Release|x86.ActiveCfg = Release|Win32
		{80F136C6-F090-43D0-98D8-EF177CE8F10E}.Release|x86.Build.0 = Release|Win32
	EndGlobalSection
	GlobalSection(SolutionProperties) = preSolution
		HideSolutionNode = FALSE
	EndGlobalSection
	GlobalSection(ExtensibilityGlobals) = postSolution
		SolutionGuid = {490CC324-6DB5-4C87-8F32-FA3C7FC2250B}
	EndGlobalSection
EndGlobal
