
Microsoft Visual Studio Solution File, Format Version 12.00
# Visual Studio Version 16
VisualStudioVersion = 16.0.29519.87
MinimumVisualStudioVersion = 10.0.40219.1
Project("{8BC9CEB8-8B4A-11D0-8D11-00A0C91BC942}") = "Projet1", "Projet1\Projet1.vcxproj", "{A1861484-BEA3-4ADE-A717-37237418E34F}"
EndProject
Project("{8BC9CEB8-8B4A-11D0-8D11-00A0C91BC942}") = "Cadrans", "Cadrans\Cadrans.vcxproj", "{1C3153DF-1F44-44B1-8EB1-4633E16BD285}"
EndProject
Project("{8BC9CEB8-8B4A-11D0-8D11-00A0C91BC942}") = "Expressions", "Expressions\Expressions.vcxproj", "{A519040A-912B-4A40-A4E4-916D21ED60E4}"
EndProject
Project("{8BC9CEB8-8B4A-11D0-8D11-00A0C91BC942}") = "Boucles", "Boucles\Boucles.vcxproj", "{EDA46B1F-C2CD-417A-9048-255052588BE0}"
EndProject
Project("{8BC9CEB8-8B4A-11D0-8D11-00A0C91BC942}") = "Somme_Termes", "Somme_Termes\Somme_Termes.vcxproj", "{AF6DFF4B-108C-4EA2-903B-29B45510CE67}"
EndProject
Global
	GlobalSection(SolutionConfigurationPlatforms) = preSolution
		Debug|x64 = Debug|x64
		Debug|x86 = Debug|x86
		Release|x64 = Release|x64
		Release|x86 = Release|x86
	EndGlobalSection
	GlobalSection(ProjectConfigurationPlatforms) = postSolution
		{A1861484-BEA3-4ADE-A717-37237418E34F}.Debug|x64.ActiveCfg = Debug|x64
		{A1861484-BEA3-4ADE-A717-37237418E34F}.Debug|x64.Build.0 = Debug|x64
		{A1861484-BEA3-4ADE-A717-37237418E34F}.Debug|x86.ActiveCfg = Debug|Win32
		{A1861484-BEA3-4ADE-A717-37237418E34F}.Debug|x86.Build.0 = Debug|Win32
		{A1861484-BEA3-4ADE-A717-37237418E34F}.Release|x64.ActiveCfg = Release|x64
		{A1861484-BEA3-4ADE-A717-37237418E34F}.Release|x64.Build.0 = Release|x64
		{A1861484-BEA3-4ADE-A717-37237418E34F}.Release|x86.ActiveCfg = Release|Win32
		{A1861484-BEA3-4ADE-A717-37237418E34F}.Release|x86.Build.0 = Release|Win32
		{1C3153DF-1F44-44B1-8EB1-4633E16BD285}.Debug|x64.ActiveCfg = Debug|x64
		{1C3153DF-1F44-44B1-8EB1-4633E16BD285}.Debug|x64.Build.0 = Debug|x64
		{1C3153DF-1F44-44B1-8EB1-4633E16BD285}.Debug|x86.ActiveCfg = Debug|Win32
		{1C3153DF-1F44-44B1-8EB1-4633E16BD285}.Debug|x86.Build.0 = Debug|Win32
		{1C3153DF-1F44-44B1-8EB1-4633E16BD285}.Release|x64.ActiveCfg = Release|x64
		{1C3153DF-1F44-44B1-8EB1-4633E16BD285}.Release|x64.Build.0 = Release|x64
		{1C3153DF-1F44-44B1-8EB1-4633E16BD285}.Release|x86.ActiveCfg = Release|Win32
		{1C3153DF-1F44-44B1-8EB1-4633E16BD285}.Release|x86.Build.0 = Release|Win32
		{A519040A-912B-4A40-A4E4-916D21ED60E4}.Debug|x64.ActiveCfg = Debug|x64
		{A519040A-912B-4A40-A4E4-916D21ED60E4}.Debug|x64.Build.0 = Debug|x64
		{A519040A-912B-4A40-A4E4-916D21ED60E4}.Debug|x86.ActiveCfg = Debug|Win32
		{A519040A-912B-4A40-A4E4-916D21ED60E4}.Debug|x86.Build.0 = Debug|Win32
		{A519040A-912B-4A40-A4E4-916D21ED60E4}.Release|x64.ActiveCfg = Release|x64
		{A519040A-912B-4A40-A4E4-916D21ED60E4}.Release|x64.Build.0 = Release|x64
		{A519040A-912B-4A40-A4E4-916D21ED60E4}.Release|x86.ActiveCfg = Release|Win32
		{A519040A-912B-4A40-A4E4-916D21ED60E4}.Release|x86.Build.0 = Release|Win32
		{EDA46B1F-C2CD-417A-9048-255052588BE0}.Debug|x64.ActiveCfg = Debug|x64
		{EDA46B1F-C2CD-417A-9048-255052588BE0}.Debug|x64.Build.0 = Debug|x64
		{EDA46B1F-C2CD-417A-9048-255052588BE0}.Debug|x86.ActiveCfg = Debug|Win32
		{EDA46B1F-C2CD-417A-9048-255052588BE0}.Debug|x86.Build.0 = Debug|Win32
		{EDA46B1F-C2CD-417A-9048-255052588BE0}.Release|x64.ActiveCfg = Release|x64
		{EDA46B1F-C2CD-417A-9048-255052588BE0}.Release|x64.Build.0 = Release|x64
		{EDA46B1F-C2CD-417A-9048-255052588BE0}.Release|x86.ActiveCfg = Release|Win32
		{EDA46B1F-C2CD-417A-9048-255052588BE0}.Release|x86.Build.0 = Release|Win32
		{AF6DFF4B-108C-4EA2-903B-29B45510CE67}.Debug|x64.ActiveCfg = Debug|x64
		{AF6DFF4B-108C-4EA2-903B-29B45510CE67}.Debug|x64.Build.0 = Debug|x64
		{AF6DFF4B-108C-4EA2-903B-29B45510CE67}.Debug|x86.ActiveCfg = Debug|Win32
		{AF6DFF4B-108C-4EA2-903B-29B45510CE67}.Debug|x86.Build.0 = Debug|Win32
		{AF6DFF4B-108C-4EA2-903B-29B45510CE67}.Release|x64.ActiveCfg = Release|x64
		{AF6DFF4B-108C-4EA2-903B-29B45510CE67}.Release|x64.Build.0 = Release|x64
		{AF6DFF4B-108C-4EA2-903B-29B45510CE67}.Release|x86.ActiveCfg = Release|Win32
		{AF6DFF4B-108C-4EA2-903B-29B45510CE67}.Release|x86.Build.0 = Release|Win32
	EndGlobalSection
	GlobalSection(SolutionProperties) = preSolution
		HideSolutionNode = FALSE
	EndGlobalSection
	GlobalSection(ExtensibilityGlobals) = postSolution
		SolutionGuid = {5697483C-B075-4E6F-88A9-41FB75A46AF4}
	EndGlobalSection
EndGlobal
